{
  "nodes": {
    "dzgui": {
      "flake": false,
      "locked": {
        "lastModified": 1684544593,
        "narHash": "sha256-UTewFmIqTq71AlFgJDG81Eqgb5mEUvgTtkOXqbCAsD0=",
        "owner": "aclist",
        "repo": "dztui",
        "rev": "72eab0daf0ea473a81107fefe205f8cd2842cb79",
        "type": "github"
      },
      "original": {
        "owner": "aclist",
        "repo": "dztui",
        "type": "github"
      }
    },
    "dzgui-nix": {
      "inputs": {
        "dzgui": "dzgui",
        "nixpkgs": [
          "nixpkgs"
        ]
      },
      "locked": {
        "lastModified": 1685142003,
        "narHash": "sha256-sxck/NyMNG/6VDkyvcjljPbg/BJnAHNdGIeRvsl5Nkw=",
        "owner": "lelgenio",
        "repo": "dzgui-nix",
        "rev": "12ca1bf0a7a141338abf558245cb2c2c433206da",
        "type": "github"
      },
      "original": {
        "owner": "lelgenio",
        "repo": "dzgui-nix",
        "type": "github"
      }
    },
    "nixos": {
      "locked": {
        "lastModified": 1686960236,
        "narHash": "sha256-AYCC9rXNLpUWzD9hm+askOfpliLEC9kwAo7ITJc4HIw=",
        "owner": "NixOS",
        "repo": "nixpkgs",
        "rev": "04af42f3b31dba0ef742d254456dc4c14eedac86",
        "type": "github"
      },
      "original": {
        "id": "nixos",
        "type": "indirect"
      }
    },
    "nixpkgs": {
      "locked": {
        "lastModified": 1686960236,
        "narHash": "sha256-AYCC9rXNLpUWzD9hm+askOfpliLEC9kwAo7ITJc4HIw=",
        "owner": "NixOS",
        "repo": "nixpkgs",
        "rev": "04af42f3b31dba0ef742d254456dc4c14eedac86",
        "type": "github"
      },
      "original": {
        "owner": "NixOS",
        "ref": "nixos-unstable",
        "repo": "nixpkgs",
        "type": "github"
      }
    },
    "root": {
      "inputs": {
        "dzgui-nix": "dzgui-nix",
        "nixos": "nixos",
        "nixpkgs": "nixpkgs"
      }
    }
  },
  "root": "root",
  "version": 7
}
