{
  "nodes": {
    "nixpkgs": {
      "locked": {
<<<<<<< HEAD
        "lastModified": 1655624069,
        "narHash": "sha256-7g1zwTdp35GMTERnSzZMWJ7PG3QdDE8VOX3WsnOkAtM=",
        "owner": "NixOS",
        "repo": "nixpkgs",
        "rev": "0d68d7c857fe301d49cdcd56130e0beea4ecd5aa",
=======
        "lastModified": 1655400192,
        "narHash": "sha256-49OBVVRgb9H/PSmNT9W61+NRdDbuSJVuDDflwXlaUKU=",
        "owner": "NixOS",
        "repo": "nixpkgs",
        "rev": "3d7435c638baffaa826b85459df0fff47f12317d",
>>>>>>> parent of 5d0f84a (flake.lock: Update)
        "type": "github"
      },
      "original": {
        "owner": "NixOS",
        "ref": "nixos-unstable",
        "repo": "nixpkgs",
        "type": "github"
      }
    },
    "root": {
      "inputs": {
        "nixpkgs": "nixpkgs"
      }
    }
  },
  "root": "root",
  "version": 7
}
